# THIS IS AN AUTOGENERATED FILE. DO NOT EDIT THIS FILE DIRECTLY.
# yarn lockfile v1


"@types/node@^11.9.5":
  version "11.9.5"
  resolved "https://registry.yarnpkg.com/@types/node/-/node-11.9.5.tgz#011eece9d3f839a806b63973e228f85967b79ed3"
  integrity sha512-vVjM0SVzgaOUpflq4GYBvCpozes8OgIIS5gVXVka+OfK3hvnkC1i93U8WiY2OtNE4XUWyyy/86Kf6e0IHTQw1Q==

typescript@^3.3.3333:
  version "3.3.3333"
  resolved "https://registry.yarnpkg.com/typescript/-/typescript-3.3.3333.tgz#171b2c5af66c59e9431199117a3bcadc66fdcfd6"
  integrity sha512-JjSKsAfuHBE/fB2oZ8NxtRTk5iGcg6hkYXMnZ3Wc+b2RSqejEqTaem11mHASMnFilHrax3sLK0GDzcJrekZYLw==
